# THIS IS AN AUTOGENERATED FILE. DO NOT EDIT THIS FILE DIRECTLY.
# yarn lockfile v1


autonumeric@^4.1.0-beta.16:
  version "4.1.0-beta.16"
  resolved "https://registry.yarnpkg.com/autonumeric/-/autonumeric-4.1.0-beta.16.tgz#7727c93c0aa41f4c50b43023e89b46aca8b21475"

bootstrap@^3.3.7:
  version "3.3.7"
  resolved "https://registry.yarnpkg.com/bootstrap/-/bootstrap-3.3.7.tgz#5a389394549f23330875a3b150656574f8a9eb71"

jquery@1.11.1:
  version "1.11.1"
  resolved "https://registry.yarnpkg.com/jquery/-/jquery-1.11.1.tgz#b6ec928590112ebed69e1e49cbfd0025ccd60ddb"

slick-carousel@^1.8.1:
  version "1.8.1"
  resolved "https://registry.yarnpkg.com/slick-carousel/-/slick-carousel-1.8.1.tgz#a4bfb29014887bb66ce528b90bd0cda262cc8f8d"

webui-popover@^1.2.18:
  version "1.2.18"
  resolved "https://registry.yarnpkg.com/webui-popover/-/webui-popover-1.2.18.tgz#85a2f10fdb73874177e5c42e9fa4918c15567771"
