# THIS IS AN AUTOGENERATED FILE. DO NOT EDIT THIS FILE DIRECTLY.
# yarn lockfile v1


autonumeric@^4.1.0-beta.16:
  version "4.1.0-beta.16"
  resolved "https://registry.yarnpkg.com/autonumeric/-/autonumeric-4.1.0-beta.16.tgz#7727c93c0aa41f4c50b43023e89b46aca8b21475"

bootstrap@^3.3.7:
  version "3.3.7"
  resolved "https://registry.yarnpkg.com/bootstrap/-/bootstrap-3.3.7.tgz#5a389394549f23330875a3b150656574f8a9eb71"

jquery-mask-plugin@^1.14.13:
  version "1.14.13"
  resolved "https://registry.yarnpkg.com/jquery-mask-plugin/-/jquery-mask-plugin-1.14.13.tgz#a80368d3b1d1402e4d6963a8ae7797c49bc21fc6"

jquery-slimscroll@^1.3.8:
  version "1.3.8"
  resolved "https://registry.yarnpkg.com/jquery-slimscroll/-/jquery-slimscroll-1.3.8.tgz#8481c44e7a47687653908a28f7f70aed64c84e36"
  dependencies:
    jquery ">= 1.7"

jquery@1.11.1, "jquery@>= 1.7":
  version "1.11.1"
  resolved "https://registry.yarnpkg.com/jquery/-/jquery-1.11.1.tgz#b6ec928590112ebed69e1e49cbfd0025ccd60ddb"

twitter-bootstrap-wizard@^1.2.0:
  version "1.2.0"
  resolved "https://registry.yarnpkg.com/twitter-bootstrap-wizard/-/twitter-bootstrap-wizard-1.2.0.tgz#801c695f6b01e52dd622e9522b13fcb809421ef0"

webui-popover@^1.2.18:
  version "1.2.18"
  resolved "https://registry.yarnpkg.com/webui-popover/-/webui-popover-1.2.18.tgz#85a2f10fdb73874177e5c42e9fa4918c15567771"
